
Microsoft Visual Studio Solution File, Format Version 12.00
# Visual Studio Version 16
VisualStudioVersion = 16.0.31019.35
MinimumVisualStudioVersion = 10.0.40219.1
Project("{FAE04EC0-301F-11D3-BF4B-00C04F79EFBC}") = "Number of Islands", "Number of Islands\Number of Islands.csproj", "{AF5C0FB2-BF3E-44EE-8FAE-3961BC35BDC6}"
EndProject
Global
	GlobalSection(SolutionConfigurationPlatforms) = preSolution
		Debug|Any CPU = Debug|Any CPU
		Release|Any CPU = Release|Any CPU
	EndGlobalSection
	GlobalSection(ProjectConfigurationPlatforms) = postSolution
		{AF5C0FB2-BF3E-44EE-8FAE-3961BC35BDC6}.Debug|Any CPU.ActiveCfg = Debug|Any CPU
		{AF5C0FB2-BF3E-44EE-8FAE-3961BC35BDC6}.Debug|Any CPU.Build.0 = Debug|Any CPU
		{AF5C0FB2-BF3E-44EE-8FAE-3961BC35BDC6}.Release|Any CPU.ActiveCfg = Release|Any CPU
		{AF5C0FB2-BF3E-44EE-8FAE-3961BC35BDC6}.Release|Any CPU.Build.0 = Release|Any CPU
	EndGlobalSection
	GlobalSection(SolutionProperties) = preSolution
		HideSolutionNode = FALSE
	EndGlobalSection
	GlobalSection(ExtensibilityGlobals) = postSolution
		SolutionGuid = {ACF3C145-3BF2-42DF-94BA-A7B317D2E0E1}
	EndGlobalSection
EndGlobal
